
Microsoft Visual Studio Solution File, Format Version 12.00
# Visual Studio Version 16
VisualStudioVersion = 16.0.30204.135
MinimumVisualStudioVersion = 10.0.40219.1
Project("{9A19103F-16F7-4668-BE54-9A1E7A4F7556}") = "Course_1A2A3_HomeWork.AttributeDelegateClass", "ZXHomeWorkProject\HomeWork.Class\Course_1A2A3_HomeWork.AttributeDelegateClass.csproj", "{8C90DB80-613D-454D-9CD4-D03F3364C938}"
EndProject
Project("{9A19103F-16F7-4668-BE54-9A1E7A4F7556}") = "Course_1_ZZHomeWork.Reflection-SqlHelper", "ZXHomeWorkProject\HomeWork.SqlHelper\Course_1_ZZHomeWork.Reflection-SqlHelper.csproj", "{2EB48E30-3693-4FD4-8695-FC32DD62AF7E}"
EndProject
Project("{9A19103F-16F7-4668-BE54-9A1E7A4F7556}") = "HomeWork.DB.InterFace", "ZXHomeWorkProject\HomeWork.DB.InterFace\HomeWork.DB.InterFace.csproj", "{CFD3C13C-45FE-4F30-A562-5CAD244A65B3}"
EndProject
Project("{9A19103F-16F7-4668-BE54-9A1E7A4F7556}") = "Course_4A5_HomeWork.LambdaAndLinq", "ZXHomeWorkProject\HomeWork.LambdaAndLinq\Course_4A5_HomeWork.LambdaAndLinq.csproj", "{965330E4-AB87-4F1F-93FE-F59DD009D12E}"
EndProject
Project("{9A19103F-16F7-4668-BE54-9A1E7A4F7556}") = "Course_6_HomeWork.ThreadforTask", "ZXHomeWorkProject\HomeWork.ThreadforTask\Course_6_HomeWork.ThreadforTask.csproj", "{0B828115-1363-4B9F-8457-6E5F72656B19}"
EndProject
Project("{FAE04EC0-301F-11D3-BF4B-00C04F79EFBC}") = "WebFormTest", "ZXHomeWorkProject\WebFormTest\WebFormTest.csproj", "{DED27CAE-BA29-4EE4-9A52-B87CDF72C9FF}"
EndProject
Project("{FAE04EC0-301F-11D3-BF4B-00C04F79EFBC}") = "WinFormTest", "ZXHomeWorkProject\WinFormTest\WinFormTest.csproj", "{1B855A9D-467D-407D-8353-0CF5C6064061}"
EndProject
Project("{9A19103F-16F7-4668-BE54-9A1E7A4F7556}") = "Course_1_ZXHomeWorkStart", "ZXHomeWorkProject\Course_1_ZXHomeWorkStart\Course_1_ZXHomeWorkStart.csproj", "{DB738A65-8F02-4C53-8A95-BB8F092F303F}"
EndProject
Project("{FAE04EC0-301F-11D3-BF4B-00C04F79EFBC}") = "GenerateModel", "ZXHomeWorkProject\CSharpPOCOModel\GenerateModel.csproj", "{E45AA4C3-BAE3-4A05-B0DD-34065CC75198}"
EndProject
Project("{9A19103F-16F7-4668-BE54-9A1E7A4F7556}") = "Course_Crawler", "ZXHomeWorkProject\Course_Crawler\Course_Crawler.csproj", "{C2618A4B-2B0F-42A8-8DF4-413E56F5608E}"
EndProject
Project("{2150E333-8FDC-42A3-9474-1A3956D46DE8}") = "Vegoo.Lucene", "Vegoo.Lucene", "{3470C51E-B77A-4066-AC34-5DD57B6B59DA}"
EndProject
Project("{FAE04EC0-301F-11D3-BF4B-00C04F79EFBC}") = "Collection.Data", "Collection.Data\Collection.Data.csproj", "{5C89B8BF-A4CE-4B4A-81C3-13E13309987E}"
EndProject
Global
	GlobalSection(SolutionConfigurationPlatforms) = preSolution
		Debug|Any CPU = Debug|Any CPU
		Release|Any CPU = Release|Any CPU
	EndGlobalSection
	GlobalSection(ProjectConfigurationPlatforms) = postSolution
		{8C90DB80-613D-454D-9CD4-D03F3364C938}.Debug|Any CPU.ActiveCfg = Debug|Any CPU
		{8C90DB80-613D-454D-9CD4-D03F3364C938}.Debug|Any CPU.Build.0 = Debug|Any CPU
		{8C90DB80-613D-454D-9CD4-D03F3364C938}.Release|Any CPU.ActiveCfg = Release|Any CPU
		{8C90DB80-613D-454D-9CD4-D03F3364C938}.Release|Any CPU.Build.0 = Release|Any CPU
		{2EB48E30-3693-4FD4-8695-FC32DD62AF7E}.Debug|Any CPU.ActiveCfg = Debug|Any CPU
		{2EB48E30-3693-4FD4-8695-FC32DD62AF7E}.Debug|Any CPU.Build.0 = Debug|Any CPU
		{2EB48E30-3693-4FD4-8695-FC32DD62AF7E}.Release|Any CPU.ActiveCfg = Release|Any CPU
		{2EB48E30-3693-4FD4-8695-FC32DD62AF7E}.Release|Any CPU.Build.0 = Release|Any CPU
		{CFD3C13C-45FE-4F30-A562-5CAD244A65B3}.Debug|Any CPU.ActiveCfg = Debug|Any CPU
		{CFD3C13C-45FE-4F30-A562-5CAD244A65B3}.Debug|Any CPU.Build.0 = Debug|Any CPU
		{CFD3C13C-45FE-4F30-A562-5CAD244A65B3}.Release|Any CPU.ActiveCfg = Release|Any CPU
		{CFD3C13C-45FE-4F30-A562-5CAD244A65B3}.Release|Any CPU.Build.0 = Release|Any CPU
		{965330E4-AB87-4F1F-93FE-F59DD009D12E}.Debug|Any CPU.ActiveCfg = Debug|Any CPU
		{965330E4-AB87-4F1F-93FE-F59DD009D12E}.Debug|Any CPU.Build.0 = Debug|Any CPU
		{965330E4-AB87-4F1F-93FE-F59DD009D12E}.Release|Any CPU.ActiveCfg = Release|Any CPU
		{965330E4-AB87-4F1F-93FE-F59DD009D12E}.Release|Any CPU.Build.0 = Release|Any CPU
		{0B828115-1363-4B9F-8457-6E5F72656B19}.Debug|Any CPU.ActiveCfg = Debug|Any CPU
		{0B828115-1363-4B9F-8457-6E5F72656B19}.Debug|Any CPU.Build.0 = Debug|Any CPU
		{0B828115-1363-4B9F-8457-6E5F72656B19}.Release|Any CPU.ActiveCfg = Release|Any CPU
		{0B828115-1363-4B9F-8457-6E5F72656B19}.Release|Any CPU.Build.0 = Release|Any CPU
		{DED27CAE-BA29-4EE4-9A52-B87CDF72C9FF}.Debug|Any CPU.ActiveCfg = Debug|Any CPU
		{DED27CAE-BA29-4EE4-9A52-B87CDF72C9FF}.Debug|Any CPU.Build.0 = Debug|Any CPU
		{DED27CAE-BA29-4EE4-9A52-B87CDF72C9FF}.Release|Any CPU.ActiveCfg = Release|Any CPU
		{DED27CAE-BA29-4EE4-9A52-B87CDF72C9FF}.Release|Any CPU.Build.0 = Release|Any CPU
		{1B855A9D-467D-407D-8353-0CF5C6064061}.Debug|Any CPU.ActiveCfg = Debug|Any CPU
		{1B855A9D-467D-407D-8353-0CF5C6064061}.Debug|Any CPU.Build.0 = Debug|Any CPU
		{1B855A9D-467D-407D-8353-0CF5C6064061}.Release|Any CPU.ActiveCfg = Release|Any CPU
		{1B855A9D-467D-407D-8353-0CF5C6064061}.Release|Any CPU.Build.0 = Release|Any CPU
		{DB738A65-8F02-4C53-8A95-BB8F092F303F}.Debug|Any CPU.ActiveCfg = Debug|Any CPU
		{DB738A65-8F02-4C53-8A95-BB8F092F303F}.Debug|Any CPU.Build.0 = Debug|Any CPU
		{DB738A65-8F02-4C53-8A95-BB8F092F303F}.Release|Any CPU.ActiveCfg = Release|Any CPU
		{DB738A65-8F02-4C53-8A95-BB8F092F303F}.Release|Any CPU.Build.0 = Release|Any CPU
		{E45AA4C3-BAE3-4A05-B0DD-34065CC75198}.Debug|Any CPU.ActiveCfg = Debug|Any CPU
		{E45AA4C3-BAE3-4A05-B0DD-34065CC75198}.Debug|Any CPU.Build.0 = Debug|Any CPU
		{E45AA4C3-BAE3-4A05-B0DD-34065CC75198}.Release|Any CPU.ActiveCfg = Release|Any CPU
		{E45AA4C3-BAE3-4A05-B0DD-34065CC75198}.Release|Any CPU.Build.0 = Release|Any CPU
		{C2618A4B-2B0F-42A8-8DF4-413E56F5608E}.Debug|Any CPU.ActiveCfg = Debug|Any CPU
		{C2618A4B-2B0F-42A8-8DF4-413E56F5608E}.Debug|Any CPU.Build.0 = Debug|Any CPU
		{C2618A4B-2B0F-42A8-8DF4-413E56F5608E}.Release|Any CPU.ActiveCfg = Release|Any CPU
		{C2618A4B-2B0F-42A8-8DF4-413E56F5608E}.Release|Any CPU.Build.0 = Release|Any CPU
		{5C89B8BF-A4CE-4B4A-81C3-13E13309987E}.Debug|Any CPU.ActiveCfg = Debug|Any CPU
		{5C89B8BF-A4CE-4B4A-81C3-13E13309987E}.Debug|Any CPU.Build.0 = Debug|Any CPU
		{5C89B8BF-A4CE-4B4A-81C3-13E13309987E}.Release|Any CPU.ActiveCfg = Release|Any CPU
		{5C89B8BF-A4CE-4B4A-81C3-13E13309987E}.Release|Any CPU.Build.0 = Release|Any CPU
	EndGlobalSection
	GlobalSection(SolutionProperties) = preSolution
		HideSolutionNode = FALSE
	EndGlobalSection
	GlobalSection(NestedProjects) = preSolution
		{5C89B8BF-A4CE-4B4A-81C3-13E13309987E} = {3470C51E-B77A-4066-AC34-5DD57B6B59DA}
	EndGlobalSection
	GlobalSection(ExtensibilityGlobals) = postSolution
		SolutionGuid = {46865805-3589-4A13-8A7A-EC70A4CD1E6F}
	EndGlobalSection
EndGlobal
